
Microsoft Visual Studio Solution File, Format Version 12.00
Project("{FAE04EC0-301F-11D3-BF4B-00C04F79EFBC}") = "MitmServerNet", "MitmServerNet\MitmServerNet.csproj", "{65956274-7EF1-4272-9EDB-1A1DBF922229}"
EndProject
Global
	GlobalSection(SolutionConfigurationPlatforms) = preSolution
		Debug|Any CPU = Debug|Any CPU
		Release|Any CPU = Release|Any CPU
	EndGlobalSection
	GlobalSection(ProjectConfigurationPlatforms) = postSolution
		{65956274-7EF1-4272-9EDB-1A1DBF922229}.Debug|Any CPU.ActiveCfg = Debug|Any CPU
		{65956274-7EF1-4272-9EDB-1A1DBF922229}.Debug|Any CPU.Build.0 = Debug|Any CPU
		{65956274-7EF1-4272-9EDB-1A1DBF922229}.Release|Any CPU.ActiveCfg = Release|Any CPU
		{65956274-7EF1-4272-9EDB-1A1DBF922229}.Release|Any CPU.Build.0 = Release|Any CPU
	EndGlobalSection
EndGlobal
